
Microsoft Visual Studio Solution File, Format Version 12.00
# Visual Studio Version 17
VisualStudioVersion = 17.8.34330.188
MinimumVisualStudioVersion = 10.0.40219.1
Project("{9A19103F-16F7-4668-BE54-9A1E7A4F7556}") = "Client", "Client\Client.csproj", "{B68912EF-035A-4FD7-A509-1CA9F5AFB9B6}"
EndProject
Project("{9A19103F-16F7-4668-BE54-9A1E7A4F7556}") = "Server", "Server\Server.csproj", "{01518506-2A43-4365-85DB-CD7B6E6D7B4F}"
EndProject
Project("{FAE04EC0-301F-11D3-BF4B-00C04F79EFBC}") = "CalculatorLib", "CalculatorLib\CalculatorLib.csproj", "{0919E175-14FB-4AB4-8BCB-2D0FE8E0723E}"
EndProject
Global
	GlobalSection(SolutionConfigurationPlatforms) = preSolution
		Debug|Any CPU = Debug|Any CPU
		Release|Any CPU = Release|Any CPU
	EndGlobalSection
	GlobalSection(ProjectConfigurationPlatforms) = postSolution
		{B68912EF-035A-4FD7-A509-1CA9F5AFB9B6}.Debug|Any CPU.ActiveCfg = Debug|Any CPU
		{B68912EF-035A-4FD7-A509-1CA9F5AFB9B6}.Debug|Any CPU.Build.0 = Debug|Any CPU
		{B68912EF-035A-4FD7-A509-1CA9F5AFB9B6}.Release|Any CPU.ActiveCfg = Release|Any CPU
		{B68912EF-035A-4FD7-A509-1CA9F5AFB9B6}.Release|Any CPU.Build.0 = Release|Any CPU
		{01518506-2A43-4365-85DB-CD7B6E6D7B4F}.Debug|Any CPU.ActiveCfg = Debug|Any CPU
		{01518506-2A43-4365-85DB-CD7B6E6D7B4F}.Debug|Any CPU.Build.0 = Debug|Any CPU
		{01518506-2A43-4365-85DB-CD7B6E6D7B4F}.Release|Any CPU.ActiveCfg = Release|Any CPU
		{01518506-2A43-4365-85DB-CD7B6E6D7B4F}.Release|Any CPU.Build.0 = Release|Any CPU
		{0919E175-14FB-4AB4-8BCB-2D0FE8E0723E}.Debug|Any CPU.ActiveCfg = Debug|Any CPU
		{0919E175-14FB-4AB4-8BCB-2D0FE8E0723E}.Debug|Any CPU.Build.0 = Debug|Any CPU
		{0919E175-14FB-4AB4-8BCB-2D0FE8E0723E}.Release|Any CPU.ActiveCfg = Release|Any CPU
		{0919E175-14FB-4AB4-8BCB-2D0FE8E0723E}.Release|Any CPU.Build.0 = Release|Any CPU
	EndGlobalSection
	GlobalSection(SolutionProperties) = preSolution
		HideSolutionNode = FALSE
	EndGlobalSection
	GlobalSection(ExtensibilityGlobals) = postSolution
		SolutionGuid = {C5C8F72D-B589-4365-B44E-0BD6983418A0}
	EndGlobalSection
EndGlobal
